
Microsoft Visual Studio Solution File, Format Version 12.00
# Visual Studio 2012
Project("{FAE04EC0-301F-11D3-BF4B-00C04F79EFBC}") = "BasicMVC", "BasicMVC\BasicMVC.csproj", "{67E6485F-C52E-4DF0-A33F-E6E117A4FD68}"
EndProject
Project("{FAE04EC0-301F-11D3-BF4B-00C04F79EFBC}") = "PartyInvites", "PartyInvites\PartyInvites.csproj", "{76894BE1-39F9-4ADC-8037-C45B1AE5796C}"
EndProject
Project("{FAE04EC0-301F-11D3-BF4B-00C04F79EFBC}") = "LanguageFeatures", "LanguageFeatures\LanguageFeatures.csproj", "{1B6526D8-CED7-4209-B2EA-2FE2DEFD26F1}"
EndProject
Project("{FAE04EC0-301F-11D3-BF4B-00C04F79EFBC}") = "RazorFeatures", "RazorFeatures\RazorFeatures.csproj", "{3594B8FF-CE3F-4607-B9B5-8CE8AB49EF0E}"
EndProject
Project("{FAE04EC0-301F-11D3-BF4B-00C04F79EFBC}") = "EssentialTools", "EssentialTools\EssentialTools.csproj", "{F3FC9B6B-50E8-4CF6-8A56-2AC1BFAC0226}"
EndProject
Global
	GlobalSection(SolutionConfigurationPlatforms) = preSolution
		Debug|Any CPU = Debug|Any CPU
		Release|Any CPU = Release|Any CPU
	EndGlobalSection
	GlobalSection(ProjectConfigurationPlatforms) = postSolution
		{67E6485F-C52E-4DF0-A33F-E6E117A4FD68}.Debug|Any CPU.ActiveCfg = Debug|Any CPU
		{67E6485F-C52E-4DF0-A33F-E6E117A4FD68}.Debug|Any CPU.Build.0 = Debug|Any CPU
		{67E6485F-C52E-4DF0-A33F-E6E117A4FD68}.Release|Any CPU.ActiveCfg = Release|Any CPU
		{67E6485F-C52E-4DF0-A33F-E6E117A4FD68}.Release|Any CPU.Build.0 = Release|Any CPU
		{76894BE1-39F9-4ADC-8037-C45B1AE5796C}.Debug|Any CPU.ActiveCfg = Debug|Any CPU
		{76894BE1-39F9-4ADC-8037-C45B1AE5796C}.Debug|Any CPU.Build.0 = Debug|Any CPU
		{76894BE1-39F9-4ADC-8037-C45B1AE5796C}.Release|Any CPU.ActiveCfg = Release|Any CPU
		{76894BE1-39F9-4ADC-8037-C45B1AE5796C}.Release|Any CPU.Build.0 = Release|Any CPU
		{1B6526D8-CED7-4209-B2EA-2FE2DEFD26F1}.Debug|Any CPU.ActiveCfg = Debug|Any CPU
		{1B6526D8-CED7-4209-B2EA-2FE2DEFD26F1}.Debug|Any CPU.Build.0 = Debug|Any CPU
		{1B6526D8-CED7-4209-B2EA-2FE2DEFD26F1}.Release|Any CPU.ActiveCfg = Release|Any CPU
		{1B6526D8-CED7-4209-B2EA-2FE2DEFD26F1}.Release|Any CPU.Build.0 = Release|Any CPU
		{3594B8FF-CE3F-4607-B9B5-8CE8AB49EF0E}.Debug|Any CPU.ActiveCfg = Debug|Any CPU
		{3594B8FF-CE3F-4607-B9B5-8CE8AB49EF0E}.Debug|Any CPU.Build.0 = Debug|Any CPU
		{3594B8FF-CE3F-4607-B9B5-8CE8AB49EF0E}.Release|Any CPU.ActiveCfg = Release|Any CPU
		{3594B8FF-CE3F-4607-B9B5-8CE8AB49EF0E}.Release|Any CPU.Build.0 = Release|Any CPU
		{F3FC9B6B-50E8-4CF6-8A56-2AC1BFAC0226}.Debug|Any CPU.ActiveCfg = Debug|Any CPU
		{F3FC9B6B-50E8-4CF6-8A56-2AC1BFAC0226}.Debug|Any CPU.Build.0 = Debug|Any CPU
		{F3FC9B6B-50E8-4CF6-8A56-2AC1BFAC0226}.Release|Any CPU.ActiveCfg = Release|Any CPU
		{F3FC9B6B-50E8-4CF6-8A56-2AC1BFAC0226}.Release|Any CPU.Build.0 = Release|Any CPU
	EndGlobalSection
	GlobalSection(SolutionProperties) = preSolution
		HideSolutionNode = FALSE
	EndGlobalSection
EndGlobal
