
Microsoft Visual Studio Solution File, Format Version 12.00
# Visual Studio 2012
Project("{FAE04EC0-301F-11D3-BF4B-00C04F79EFBC}") = "BasicMVC", "BasicMVC\BasicMVC.csproj", "{67E6485F-C52E-4DF0-A33F-E6E117A4FD68}"
EndProject
Project("{FAE04EC0-301F-11D3-BF4B-00C04F79EFBC}") = "PartyInvites", "PartyInvites\PartyInvites.csproj", "{76894BE1-39F9-4ADC-8037-C45B1AE5796C}"
EndProject
Project("{FAE04EC0-301F-11D3-BF4B-00C04F79EFBC}") = "LanguageFeatures", "LanguageFeatures\LanguageFeatures.csproj", "{1B6526D8-CED7-4209-B2EA-2FE2DEFD26F1}"
EndProject
Project("{FAE04EC0-301F-11D3-BF4B-00C04F79EFBC}") = "RazorFeatures", "RazorFeatures\RazorFeatures.csproj", "{3594B8FF-CE3F-4607-B9B5-8CE8AB49EF0E}"
EndProject
Project("{FAE04EC0-301F-11D3-BF4B-00C04F79EFBC}") = "EssentialTools", "EssentialTools\EssentialTools.csproj", "{F3FC9B6B-50E8-4CF6-8A56-2AC1BFAC0226}"
EndProject
Project("{FAE04EC0-301F-11D3-BF4B-00C04F79EFBC}") = "EssentialTools.Test", "EssentialTools.Test\EssentialTools.Test.csproj", "{3C9C3ABA-CF08-4BDA-9F97-399DBD9CAC08}"
EndProject
Project("{FAE04EC0-301F-11D3-BF4B-00C04F79EFBC}") = "SportsStore.Domain", "SportsStore.Domain\SportsStore.Domain.csproj", "{B617CF57-9E87-4450-8389-EC46EAB17485}"
EndProject
Project("{2150E333-8FDC-42A3-9474-1A3956D46DE8}") = "EssentialToolsFolder", "EssentialToolsFolder", "{44A0A65D-3C22-4A6F-BE3D-3515CABBBA7A}"
EndProject
Project("{2150E333-8FDC-42A3-9474-1A3956D46DE8}") = "SportsStore", "SportsStore", "{A0E786DF-F646-4D80-94F9-A269BA6FC510}"
EndProject
Project("{FAE04EC0-301F-11D3-BF4B-00C04F79EFBC}") = "SportsStore.WebUI", "SportsStore.WebUI\SportsStore.WebUI.csproj", "{C42788E5-16CE-4149-98D5-3CC9F202B267}"
EndProject
Project("{FAE04EC0-301F-11D3-BF4B-00C04F79EFBC}") = "SportsStore.UnitTests", "SportsStore.UnitTests\SportsStore.UnitTests.csproj", "{97D0B4F7-72E3-423B-985C-FC4124AA5381}"
EndProject
Project("{2150E333-8FDC-42A3-9474-1A3956D46DE8}") = "DebuggingDemo", "DebuggingDemo", "{7CAD8E87-DE95-464D-AD41-E130150AC28F}"
EndProject
Project("{FAE04EC0-301F-11D3-BF4B-00C04F79EFBC}") = "DebuggingDemo", "DebuggingDemo\DebuggingDemo.csproj", "{F70E1859-41DB-4FCC-9E3C-5CC8E7AFD705}"
EndProject
Project("{FAE04EC0-301F-11D3-BF4B-00C04F79EFBC}") = "DebuggingDemo.Tests", "DebuggingDemo.Tests\DebuggingDemo.Tests.csproj", "{B7C13E89-1A26-4AF9-B596-3A144EB3DD26}"
EndProject
Project("{2150E333-8FDC-42A3-9474-1A3956D46DE8}") = "UrlsAndRoutes", "UrlsAndRoutes", "{DC691F1C-C042-49A4-A100-4D0CDAF072C5}"
EndProject
Project("{FAE04EC0-301F-11D3-BF4B-00C04F79EFBC}") = "UrlsAndRoutes", "UrlsAndRoutes\UrlsAndRoutes.csproj", "{0D104246-1D0A-4C68-9709-9F13960880B6}"
EndProject
Project("{FAE04EC0-301F-11D3-BF4B-00C04F79EFBC}") = "UrlsAndRoutes.Tests", "UrlsAndRoutes.Tests\UrlsAndRoutes.Tests.csproj", "{5BF75C2A-2829-42FB-9F39-B5CD97BCF76F}"
EndProject
Global
	GlobalSection(SolutionConfigurationPlatforms) = preSolution
		Debug|Any CPU = Debug|Any CPU
		Release|Any CPU = Release|Any CPU
	EndGlobalSection
	GlobalSection(ProjectConfigurationPlatforms) = postSolution
		{67E6485F-C52E-4DF0-A33F-E6E117A4FD68}.Debug|Any CPU.ActiveCfg = Debug|Any CPU
		{67E6485F-C52E-4DF0-A33F-E6E117A4FD68}.Debug|Any CPU.Build.0 = Debug|Any CPU
		{67E6485F-C52E-4DF0-A33F-E6E117A4FD68}.Release|Any CPU.ActiveCfg = Release|Any CPU
		{67E6485F-C52E-4DF0-A33F-E6E117A4FD68}.Release|Any CPU.Build.0 = Release|Any CPU
		{76894BE1-39F9-4ADC-8037-C45B1AE5796C}.Debug|Any CPU.ActiveCfg = Debug|Any CPU
		{76894BE1-39F9-4ADC-8037-C45B1AE5796C}.Debug|Any CPU.Build.0 = Debug|Any CPU
		{76894BE1-39F9-4ADC-8037-C45B1AE5796C}.Release|Any CPU.ActiveCfg = Release|Any CPU
		{76894BE1-39F9-4ADC-8037-C45B1AE5796C}.Release|Any CPU.Build.0 = Release|Any CPU
		{1B6526D8-CED7-4209-B2EA-2FE2DEFD26F1}.Debug|Any CPU.ActiveCfg = Debug|Any CPU
		{1B6526D8-CED7-4209-B2EA-2FE2DEFD26F1}.Debug|Any CPU.Build.0 = Debug|Any CPU
		{1B6526D8-CED7-4209-B2EA-2FE2DEFD26F1}.Release|Any CPU.ActiveCfg = Release|Any CPU
		{1B6526D8-CED7-4209-B2EA-2FE2DEFD26F1}.Release|Any CPU.Build.0 = Release|Any CPU
		{3594B8FF-CE3F-4607-B9B5-8CE8AB49EF0E}.Debug|Any CPU.ActiveCfg = Debug|Any CPU
		{3594B8FF-CE3F-4607-B9B5-8CE8AB49EF0E}.Debug|Any CPU.Build.0 = Debug|Any CPU
		{3594B8FF-CE3F-4607-B9B5-8CE8AB49EF0E}.Release|Any CPU.ActiveCfg = Release|Any CPU
		{3594B8FF-CE3F-4607-B9B5-8CE8AB49EF0E}.Release|Any CPU.Build.0 = Release|Any CPU
		{F3FC9B6B-50E8-4CF6-8A56-2AC1BFAC0226}.Debug|Any CPU.ActiveCfg = Debug|Any CPU
		{F3FC9B6B-50E8-4CF6-8A56-2AC1BFAC0226}.Debug|Any CPU.Build.0 = Debug|Any CPU
		{F3FC9B6B-50E8-4CF6-8A56-2AC1BFAC0226}.Release|Any CPU.ActiveCfg = Release|Any CPU
		{F3FC9B6B-50E8-4CF6-8A56-2AC1BFAC0226}.Release|Any CPU.Build.0 = Release|Any CPU
		{3C9C3ABA-CF08-4BDA-9F97-399DBD9CAC08}.Debug|Any CPU.ActiveCfg = Debug|Any CPU
		{3C9C3ABA-CF08-4BDA-9F97-399DBD9CAC08}.Debug|Any CPU.Build.0 = Debug|Any CPU
		{3C9C3ABA-CF08-4BDA-9F97-399DBD9CAC08}.Release|Any CPU.ActiveCfg = Release|Any CPU
		{3C9C3ABA-CF08-4BDA-9F97-399DBD9CAC08}.Release|Any CPU.Build.0 = Release|Any CPU
		{B617CF57-9E87-4450-8389-EC46EAB17485}.Debug|Any CPU.ActiveCfg = Debug|Any CPU
		{B617CF57-9E87-4450-8389-EC46EAB17485}.Debug|Any CPU.Build.0 = Debug|Any CPU
		{B617CF57-9E87-4450-8389-EC46EAB17485}.Release|Any CPU.ActiveCfg = Release|Any CPU
		{B617CF57-9E87-4450-8389-EC46EAB17485}.Release|Any CPU.Build.0 = Release|Any CPU
		{C42788E5-16CE-4149-98D5-3CC9F202B267}.Debug|Any CPU.ActiveCfg = Debug|Any CPU
		{C42788E5-16CE-4149-98D5-3CC9F202B267}.Debug|Any CPU.Build.0 = Debug|Any CPU
		{C42788E5-16CE-4149-98D5-3CC9F202B267}.Release|Any CPU.ActiveCfg = Release|Any CPU
		{C42788E5-16CE-4149-98D5-3CC9F202B267}.Release|Any CPU.Build.0 = Release|Any CPU
		{97D0B4F7-72E3-423B-985C-FC4124AA5381}.Debug|Any CPU.ActiveCfg = Debug|Any CPU
		{97D0B4F7-72E3-423B-985C-FC4124AA5381}.Debug|Any CPU.Build.0 = Debug|Any CPU
		{97D0B4F7-72E3-423B-985C-FC4124AA5381}.Release|Any CPU.ActiveCfg = Release|Any CPU
		{97D0B4F7-72E3-423B-985C-FC4124AA5381}.Release|Any CPU.Build.0 = Release|Any CPU
		{F70E1859-41DB-4FCC-9E3C-5CC8E7AFD705}.Debug|Any CPU.ActiveCfg = Debug|Any CPU
		{F70E1859-41DB-4FCC-9E3C-5CC8E7AFD705}.Debug|Any CPU.Build.0 = Debug|Any CPU
		{F70E1859-41DB-4FCC-9E3C-5CC8E7AFD705}.Release|Any CPU.ActiveCfg = Release|Any CPU
		{F70E1859-41DB-4FCC-9E3C-5CC8E7AFD705}.Release|Any CPU.Build.0 = Release|Any CPU
		{B7C13E89-1A26-4AF9-B596-3A144EB3DD26}.Debug|Any CPU.ActiveCfg = Debug|Any CPU
		{B7C13E89-1A26-4AF9-B596-3A144EB3DD26}.Debug|Any CPU.Build.0 = Debug|Any CPU
		{B7C13E89-1A26-4AF9-B596-3A144EB3DD26}.Release|Any CPU.ActiveCfg = Release|Any CPU
		{B7C13E89-1A26-4AF9-B596-3A144EB3DD26}.Release|Any CPU.Build.0 = Release|Any CPU
		{0D104246-1D0A-4C68-9709-9F13960880B6}.Debug|Any CPU.ActiveCfg = Debug|Any CPU
		{0D104246-1D0A-4C68-9709-9F13960880B6}.Debug|Any CPU.Build.0 = Debug|Any CPU
		{0D104246-1D0A-4C68-9709-9F13960880B6}.Release|Any CPU.ActiveCfg = Release|Any CPU
		{0D104246-1D0A-4C68-9709-9F13960880B6}.Release|Any CPU.Build.0 = Release|Any CPU
		{5BF75C2A-2829-42FB-9F39-B5CD97BCF76F}.Debug|Any CPU.ActiveCfg = Debug|Any CPU
		{5BF75C2A-2829-42FB-9F39-B5CD97BCF76F}.Debug|Any CPU.Build.0 = Debug|Any CPU
		{5BF75C2A-2829-42FB-9F39-B5CD97BCF76F}.Release|Any CPU.ActiveCfg = Release|Any CPU
		{5BF75C2A-2829-42FB-9F39-B5CD97BCF76F}.Release|Any CPU.Build.0 = Release|Any CPU
	EndGlobalSection
	GlobalSection(SolutionProperties) = preSolution
		HideSolutionNode = FALSE
	EndGlobalSection
	GlobalSection(NestedProjects) = preSolution
		{3C9C3ABA-CF08-4BDA-9F97-399DBD9CAC08} = {44A0A65D-3C22-4A6F-BE3D-3515CABBBA7A}
		{F3FC9B6B-50E8-4CF6-8A56-2AC1BFAC0226} = {44A0A65D-3C22-4A6F-BE3D-3515CABBBA7A}
		{B617CF57-9E87-4450-8389-EC46EAB17485} = {A0E786DF-F646-4D80-94F9-A269BA6FC510}
		{C42788E5-16CE-4149-98D5-3CC9F202B267} = {A0E786DF-F646-4D80-94F9-A269BA6FC510}
		{97D0B4F7-72E3-423B-985C-FC4124AA5381} = {A0E786DF-F646-4D80-94F9-A269BA6FC510}
		{F70E1859-41DB-4FCC-9E3C-5CC8E7AFD705} = {7CAD8E87-DE95-464D-AD41-E130150AC28F}
		{B7C13E89-1A26-4AF9-B596-3A144EB3DD26} = {7CAD8E87-DE95-464D-AD41-E130150AC28F}
		{0D104246-1D0A-4C68-9709-9F13960880B6} = {DC691F1C-C042-49A4-A100-4D0CDAF072C5}
		{5BF75C2A-2829-42FB-9F39-B5CD97BCF76F} = {DC691F1C-C042-49A4-A100-4D0CDAF072C5}
	EndGlobalSection
EndGlobal
